
Microsoft Visual Studio Solution File, Format Version 11.00
# Visual Studio 2010
Project("{FAE04EC0-301F-11D3-BF4B-00C04F79EFBC}") = "GraphitePipe", "GraphitePipe.csproj", "{381BD9C8-606D-4742-9994-20ADD2BB177F}"
EndProject
Project("{FAE04EC0-301F-11D3-BF4B-00C04F79EFBC}") = "GraphitePipe Service", "..\GraphitePipe Service\GraphitePipe Service.csproj", "{9E85B336-B6E6-4D7B-9B70-760D6133ADFF}"
EndProject
Global
	GlobalSection(SolutionConfigurationPlatforms) = preSolution
		Debug|Any CPU = Debug|Any CPU
		Release|Any CPU = Release|Any CPU
	EndGlobalSection
	GlobalSection(ProjectConfigurationPlatforms) = postSolution
		{381BD9C8-606D-4742-9994-20ADD2BB177F}.Debug|Any CPU.ActiveCfg = Debug|Any CPU
		{381BD9C8-606D-4742-9994-20ADD2BB177F}.Debug|Any CPU.Build.0 = Debug|Any CPU
		{381BD9C8-606D-4742-9994-20ADD2BB177F}.Release|Any CPU.ActiveCfg = Release|Any CPU
		{381BD9C8-606D-4742-9994-20ADD2BB177F}.Release|Any CPU.Build.0 = Release|Any CPU
		{9E85B336-B6E6-4D7B-9B70-760D6133ADFF}.Debug|Any CPU.ActiveCfg = Debug|Any CPU
		{9E85B336-B6E6-4D7B-9B70-760D6133ADFF}.Debug|Any CPU.Build.0 = Debug|Any CPU
		{9E85B336-B6E6-4D7B-9B70-760D6133ADFF}.Release|Any CPU.ActiveCfg = Release|Any CPU
		{9E85B336-B6E6-4D7B-9B70-760D6133ADFF}.Release|Any CPU.Build.0 = Release|Any CPU
	EndGlobalSection
	GlobalSection(SolutionProperties) = preSolution
		HideSolutionNode = FALSE
	EndGlobalSection
EndGlobal
